
Microsoft Visual Studio Solution File, Format Version 12.00
Project("{FAE04EC0-301F-11D3-BF4B-00C04F79EFBC}") = "Messagefy.Abstractions", "Messagefy.Abstractions\Messagefy.Abstractions.csproj", "{3260CC8D-3F45-4CE0-9394-902FFDFC2C88}"
EndProject
Project("{FAE04EC0-301F-11D3-BF4B-00C04F79EFBC}") = "Messagefy.Kafka", "Messagefy.Kafka\Messagefy.Kafka.csproj", "{721B40B4-5845-45D8-A59A-77BEF2CA824F}"
EndProject
Project("{FAE04EC0-301F-11D3-BF4B-00C04F79EFBC}") = "Messagefy.Contracts", "Messagefy.Contracts\Messagefy.Contracts.csproj", "{B0898B7B-1F61-4216-A66D-DE28A7F67144}"
EndProject
Global
	GlobalSection(SolutionConfigurationPlatforms) = preSolution
		Debug|Any CPU = Debug|Any CPU
		Release|Any CPU = Release|Any CPU
	EndGlobalSection
	GlobalSection(ProjectConfigurationPlatforms) = postSolution
		{3260CC8D-3F45-4CE0-9394-902FFDFC2C88}.Debug|Any CPU.ActiveCfg = Debug|Any CPU
		{3260CC8D-3F45-4CE0-9394-902FFDFC2C88}.Debug|Any CPU.Build.0 = Debug|Any CPU
		{3260CC8D-3F45-4CE0-9394-902FFDFC2C88}.Release|Any CPU.ActiveCfg = Release|Any CPU
		{3260CC8D-3F45-4CE0-9394-902FFDFC2C88}.Release|Any CPU.Build.0 = Release|Any CPU
		{721B40B4-5845-45D8-A59A-77BEF2CA824F}.Debug|Any CPU.ActiveCfg = Debug|Any CPU
		{721B40B4-5845-45D8-A59A-77BEF2CA824F}.Debug|Any CPU.Build.0 = Debug|Any CPU
		{721B40B4-5845-45D8-A59A-77BEF2CA824F}.Release|Any CPU.ActiveCfg = Release|Any CPU
		{721B40B4-5845-45D8-A59A-77BEF2CA824F}.Release|Any CPU.Build.0 = Release|Any CPU
		{B0898B7B-1F61-4216-A66D-DE28A7F67144}.Debug|Any CPU.ActiveCfg = Debug|Any CPU
		{B0898B7B-1F61-4216-A66D-DE28A7F67144}.Debug|Any CPU.Build.0 = Debug|Any CPU
		{B0898B7B-1F61-4216-A66D-DE28A7F67144}.Release|Any CPU.ActiveCfg = Release|Any CPU
		{B0898B7B-1F61-4216-A66D-DE28A7F67144}.Release|Any CPU.Build.0 = Release|Any CPU
	EndGlobalSection
EndGlobal
